
Microsoft Visual Studio Solution File, Format Version 12.00
# Visual Studio Version 17
VisualStudioVersion = 17.14.36310.24
MinimumVisualStudioVersion = 10.0.40219.1
Project("{FAE04EC0-301F-11D3-BF4B-00C04F79EFBC}") = "Azunt.TechnicianManagement", "Azunt.TechnicianManagement\Azunt.TechnicianManagement.csproj", "{6990188E-A2E3-4379-8A5A-8BC6750567C2}"
EndProject
Project("{00D1A9C2-B5F0-4AF3-8072-F6C62B433612}") = "Azunt.SqlServer", "Azunt.SqlServer\Azunt.SqlServer.sqlproj", "{8764B8BA-0B99-4D79-A2DA-F8EB7C04E47F}"
EndProject
Global
	GlobalSection(SolutionConfigurationPlatforms) = preSolution
		Debug|Any CPU = Debug|Any CPU
		Release|Any CPU = Release|Any CPU
	EndGlobalSection
	GlobalSection(ProjectConfigurationPlatforms) = postSolution
		{6990188E-A2E3-4379-8A5A-8BC6750567C2}.Debug|Any CPU.ActiveCfg = Debug|Any CPU
		{6990188E-A2E3-4379-8A5A-8BC6750567C2}.Debug|Any CPU.Build.0 = Debug|Any CPU
		{6990188E-A2E3-4379-8A5A-8BC6750567C2}.Release|Any CPU.ActiveCfg = Release|Any CPU
		{6990188E-A2E3-4379-8A5A-8BC6750567C2}.Release|Any CPU.Build.0 = Release|Any CPU
		{8764B8BA-0B99-4D79-A2DA-F8EB7C04E47F}.Debug|Any CPU.ActiveCfg = Debug|Any CPU
		{8764B8BA-0B99-4D79-A2DA-F8EB7C04E47F}.Debug|Any CPU.Build.0 = Debug|Any CPU
		{8764B8BA-0B99-4D79-A2DA-F8EB7C04E47F}.Debug|Any CPU.Deploy.0 = Debug|Any CPU
		{8764B8BA-0B99-4D79-A2DA-F8EB7C04E47F}.Release|Any CPU.ActiveCfg = Release|Any CPU
		{8764B8BA-0B99-4D79-A2DA-F8EB7C04E47F}.Release|Any CPU.Build.0 = Release|Any CPU
		{8764B8BA-0B99-4D79-A2DA-F8EB7C04E47F}.Release|Any CPU.Deploy.0 = Release|Any CPU
	EndGlobalSection
	GlobalSection(SolutionProperties) = preSolution
		HideSolutionNode = FALSE
	EndGlobalSection
	GlobalSection(ExtensibilityGlobals) = postSolution
		SolutionGuid = {38D0B2F7-CF9D-441C-9AB6-A7A5A623924E}
	EndGlobalSection
EndGlobal
